# This file is autogenerated, do not edit; changes may be undone by the next 'dep ensure'.


[[projects]]
  branch = "master"
  name = "github.com/go-graphite/carbonzipper"
  packages = ["carbonzipperpb3"]
  revision = "7a46f4dd058aa11b0e2633cf805428b466533969"

[[projects]]
  branch = "master"
  name = "github.com/gogo/protobuf"
  packages = ["proto"]
  revision = "efccd33a0c20aa078705571d5ddbfa14c8395a63"

[[projects]]
  branch = "master"
  name = "github.com/onsi/ginkgo"
  packages = [".","config","internal/codelocation","internal/containernode","internal/failer","internal/leafnodes","internal/remote","internal/spec","internal/spec_iterator","internal/specrunner","internal/suite","internal/testingtproxy","internal/writer","reporters","reporters/stenographer","reporters/stenographer/support/go-colorable","reporters/stenographer/support/go-isatty","types"]
  revision = "a1f616c97771e46da1722d3aa9dcde0a43f55682"

[[projects]]
  branch = "master"
  name = "github.com/onsi/gomega"
  packages = [".","format","internal/assertion","internal/asyncassertion","internal/oraclematcher","internal/testingtsupport","matchers","matchers/support/goraph/bipartitegraph","matchers/support/goraph/edge","matchers/support/goraph/node","matchers/support/goraph/util","types"]
  revision = "39a54bd3c3bbfe1c331a9b3207e92134c77ed812"

[[projects]]
  branch = "master"
  name = "golang.org/x/net"
  packages = ["html","html/atom","html/charset"]
  revision = "1a68b1313cf4ad7778376e82641197b60c02f65c"

[[projects]]
  branch = "master"
  name = "golang.org/x/sys"
  packages = ["unix"]
  revision = "0b25a408a50076fbbcae6b7ac0ea5fbb0b085e79"

[[projects]]
  branch = "master"
  name = "golang.org/x/text"
  packages = ["encoding","encoding/charmap","encoding/htmlindex","encoding/internal","encoding/internal/identifier","encoding/japanese","encoding/korean","encoding/simplifiedchinese","encoding/traditionalchinese","encoding/unicode","internal/gen","internal/tag","internal/utf8internal","language","runes","transform","unicode/cldr"]
  revision = "210eee5cf7323015d097341bcf7166130d001cd8"

[[projects]]
  branch = "v2"
  name = "gopkg.in/yaml.v2"
  packages = ["."]
  revision = "cd8b52f8269e0feb286dfeef29f8fe4d5b397e0b"

[solve-meta]
  analyzer-name = "dep"
  analyzer-version = 1
  inputs-digest = "055337fcd71e5c801b15b8e672b93b933ff377782a0ab6734e4eb260c5508d86"
  solver-name = "gps-cdcl"
  solver-version = 1
